
Microsoft Visual Studio Solution File, Format Version 12.00
# Visual Studio 15
VisualStudioVersion = 15.0.27130.2036
MinimumVisualStudioVersion = 10.0.40219.1
Project("{8BC9CEB8-8B4A-11D0-8D11-00A0C91BC942}") = "ReactionGame", "ReactionGame\ReactionGame.vcxproj", "{98847DBE-6A76-47DF-8B3C-771E97C8AED6}"
EndProject
Global
	GlobalSection(SolutionConfigurationPlatforms) = preSolution
		Debug|ARM = Debug|ARM
		Release|ARM = Release|ARM
	EndGlobalSection
	GlobalSection(ProjectConfigurationPlatforms) = postSolution
		{98847DBE-6A76-47DF-8B3C-771E97C8AED6}.Debug|ARM.ActiveCfg = Debug|ARM
		{98847DBE-6A76-47DF-8B3C-771E97C8AED6}.Debug|ARM.Build.0 = Debug|ARM
		{98847DBE-6A76-47DF-8B3C-771E97C8AED6}.Release|ARM.ActiveCfg = Release|ARM
		{98847DBE-6A76-47DF-8B3C-771E97C8AED6}.Release|ARM.Build.0 = Release|ARM
	EndGlobalSection
	GlobalSection(SolutionProperties) = preSolution
		HideSolutionNode = FALSE
	EndGlobalSection
	GlobalSection(ExtensibilityGlobals) = postSolution
		SolutionGuid = {FAE61344-E27A-476C-86A4-76326926E823}
	EndGlobalSection
EndGlobal
