<?xml version="1.0" encoding="utf-8"?>
<Project ToolsVersion="15.0" xmlns="http://schemas.microsoft.com/developer/msbuild/2003">
  <ItemGroup>
    <ClCompile Include="main.cpp" />
    <ClCompile Include="IDigitalOutput.cpp" />
    <ClCompile Include="IDigitalInput.cpp" />
    <ClCompile Include="GameStatistic.cpp" />
    <ClCompile Include="Player.cpp" />
    <ClCompile Include="Output.cpp" />
    <ClCompile Include="Input.cpp" />
    <ClCompile Include="Pin_control.cpp" />
  </ItemGroup>
  <ItemGroup>
    <ClInclude Include="IDigitalOutput.h" />
    <ClInclude Include="IDigitalInput.h" />
    <ClInclude Include="GameStatistic.h" />
    <ClInclude Include="Player.h" />
    <ClInclude Include="Output.h" />
    <ClInclude Include="Input.h" />
    <ClInclude Include="Pin_control.h" />
  </ItemGroup>
</Project>